{
    "name": "kurou",
    "version": "2.1.1",
    "lockfileVersion": 2,
    "requires": true,
    "packages": {
        "": {
            "name": "kurou",
            "version": "2.1.1",
            "license": "UNLICENSE",
            "engines": {
                "vscode": "^1.73.0"
            }
        }
    }
}
